{
	"name": "@interweave/examples",
	"version": "0.0.1",
	"lockfileVersion": 3,
	"requires": true,
	"packages": {
		"": {
			"name": "@interweave/examples",
			"version": "0.0.1",
			"license": "ISC",
			"dependencies": {
				"@interweave/interweave": "^0.0.41",
				"dotenv": "^16.3.1"
			},
			"devDependencies": {
				"@types/node": "^20.6.2",
				"typescript": "^5.2.2"
			}
		},
		"node_modules/@interweave/interweave": {
			"version": "0.0.41",
			"resolved": "https://registry.npmjs.org/@interweave/interweave/-/interweave-0.0.41.tgz",
			"integrity": "sha512-6LkuVL+qjm+mFJCI5bcIjKIuO8N17IaV8GE+qkAxSXQR+V2ilvJLeI99np+fu74jTeNX9d5rjgoMN69IO49SFA==",
			"dependencies": {
				"is-empty": "^1.2.0"
			}
		},
		"node_modules/@types/node": {
			"version": "20.6.2",
			"resolved": "https://registry.npmjs.org/@types/node/-/node-20.6.2.tgz",
			"integrity": "sha512-Y+/1vGBHV/cYk6OI1Na/LHzwnlNCAfU3ZNGrc1LdRe/LAIbdDPTTv/HU3M7yXN448aTVDq3eKRm2cg7iKLb8gw==",
			"dev": true
		},
		"node_modules/dotenv": {
			"version": "16.3.1",
			"resolved": "https://registry.npmjs.org/dotenv/-/dotenv-16.3.1.tgz",
			"integrity": "sha512-IPzF4w4/Rd94bA9imS68tZBaYyBWSCE47V1RGuMrB94iyTOIEwRmVL2x/4An+6mETpLrKJ5hQkB8W4kFAadeIQ==",
			"engines": {
				"node": ">=12"
			},
			"funding": {
				"url": "https://github.com/motdotla/dotenv?sponsor=1"
			}
		},
		"node_modules/is-empty": {
			"version": "1.2.0",
			"resolved": "https://registry.npmjs.org/is-empty/-/is-empty-1.2.0.tgz",
			"integrity": "sha512-F2FnH/otLNJv0J6wc73A5Xo7oHLNnqplYqZhUu01tD54DIPvxIRSTSLkrUB/M0nHO4vo1O9PDfN4KoTxCzLh/w=="
		},
		"node_modules/typescript": {
			"version": "5.2.2",
			"resolved": "https://registry.npmjs.org/typescript/-/typescript-5.2.2.tgz",
			"integrity": "sha512-mI4WrpHsbCIcwT9cF4FZvr80QUeKvsUsUvKDoR+X/7XHQH98xYD8YHZg7ANtz2GtZt/CBq2QJ0thkGJMHfqc1w==",
			"dev": true,
			"bin": {
				"tsc": "bin/tsc",
				"tsserver": "bin/tsserver"
			},
			"engines": {
				"node": ">=14.17"
			}
		}
	}
}
